
Microsoft Visual Studio Solution File, Format Version 11.00
# Visual Studio 2010
Project("{FAE04EC0-301F-11D3-BF4B-00C04F79EFBC}") = "unity_game_pgm", "Assembly-CSharp.csproj", "{01C793F5-C4A6-A4AD-EDEF-9FBCDB5834CB}"
EndProject
Global
	GlobalSection(SolutionConfigurationPlatforms) = preSolution
		Debug|Any CPU = Debug|Any CPU
		Release|Any CPU = Release|Any CPU
	EndGlobalSection
	GlobalSection(ProjectConfigurationPlatforms) = postSolution
		{01C793F5-C4A6-A4AD-EDEF-9FBCDB5834CB}.Debug|Any CPU.ActiveCfg = Debug|Any CPU
		{01C793F5-C4A6-A4AD-EDEF-9FBCDB5834CB}.Debug|Any CPU.Build.0 = Debug|Any CPU
		{01C793F5-C4A6-A4AD-EDEF-9FBCDB5834CB}.Release|Any CPU.ActiveCfg = Release|Any CPU
		{01C793F5-C4A6-A4AD-EDEF-9FBCDB5834CB}.Release|Any CPU.Build.0 = Release|Any CPU
	EndGlobalSection
	GlobalSection(SolutionProperties) = preSolution
		HideSolutionNode = FALSE
	EndGlobalSection
	GlobalSection(MonoDevelopProperties) = preSolution
		StartupItem = Assembly-CSharp.csproj
	EndGlobalSection
EndGlobal
